{
  "name": "TaskMaster",
  "lockfileVersion": 3,
  "requires": true,
  "packages": {
    "": {
      "dependencies": {
        "mrujs": "^0.3.0-beta.22"
      }
    },
    "node_modules/morphdom": {
      "version": "2.7.4",
      "resolved": "https://registry.npmjs.org/morphdom/-/morphdom-2.7.4.tgz",
      "integrity": "sha512-ATTbWMgGa+FaMU3FhnFYB6WgulCqwf6opOll4CBzmVDTLvPMmUPrEv8CudmLPK0MESa64+6B89fWOxP3+YIlxQ==",
      "license": "MIT"
    },
    "node_modules/mrujs": {
      "version": "0.3.0-beta.22",
      "resolved": "https://registry.npmjs.org/mrujs/-/mrujs-0.3.0-beta.22.tgz",
      "integrity": "sha512-zToVzcpIA0+nBYW2vLWqrE2epsBV7S6cqyX6A7tmXulcusHBPbjc8pVql9+78r6Q1KoIY1CBDNWvGc3cb34lRA==",
      "dependencies": {
        "morphdom": ">=2.6.0 <3.0.0"
      }
    }
  }
}
